
Microsoft Visual Studio Solution File, Format Version 12.00
# Visual Studio Version 16
VisualStudioVersion = 16.0.29319.158
MinimumVisualStudioVersion = 10.0.40219.1
Project("{2150E333-8FDC-42A3-9474-1A3956D46DE8}") = "Api", "Api", "{26E8313B-D5D3-4981-8FB6-4037FC727C4C}"
EndProject
Project("{FAE04EC0-301F-11D3-BF4B-00C04F79EFBC}") = "RxWebCoreSampleApp.Api", "RxWebCoreSampleApp.Api\RxWebCoreSampleApp.Api.csproj", "{61CD673A-2BA9-469B-A731-57C0572A4F1C}"
EndProject
Project("{2150E333-8FDC-42A3-9474-1A3956D46DE8}") = "Core", "Core", "{422B1A0A-2A8E-4011-9994-3E5FCEAC978E}"
EndProject
Project("{FAE04EC0-301F-11D3-BF4B-00C04F79EFBC}") = "RxWebCoreSampleApp.Infrastructure", "RxWebCoreSampleApp.Infrastructure\RxWebCoreSampleApp.Infrastructure.csproj", "{5B162636-F513-4C29-B8DB-966DF6EC0785}"
EndProject
Project("{2150E333-8FDC-42A3-9474-1A3956D46DE8}") = "Domain", "Domain", "{6C5C97AE-4CAC-4ED1-829E-5C4E839321F8}"
EndProject
Project("{FAE04EC0-301F-11D3-BF4B-00C04F79EFBC}") = "RxWebCoreSampleApp.Domain", "RxWebCoreSampleApp.Domain\RxWebCoreSampleApp.Domain.csproj", "{39BF9E1D-BE88-4678-BF4A-1AB8E70E1F7C}"
EndProject
Project("{FAE04EC0-301F-11D3-BF4B-00C04F79EFBC}") = "RxWebCoreSampleApp.BoundedContext", "RxWebCoreSampleApp.BoundedContext\RxWebCoreSampleApp.BoundedContext.csproj", "{45070967-F8E6-4B62-92A5-85DE0B42D356}"
EndProject
Project("{FAE04EC0-301F-11D3-BF4B-00C04F79EFBC}") = "RxWebCoreSampleApp.UnitOfWork", "RxWebCoreSampleApp.UnitOfWork\RxWebCoreSampleApp.UnitOfWork.csproj", "{61FE9534-5300-493E-9027-5D00D2B2E1AA}"
EndProject
Project("{2150E333-8FDC-42A3-9474-1A3956D46DE8}") = "Models", "Models", "{F0124592-AFA1-401D-B66B-B52156047FE0}"
EndProject
Project("{FAE04EC0-301F-11D3-BF4B-00C04F79EFBC}") = "RxWebCoreSampleApp.Models", "RxWebCoreSampleApp.Models\RxWebCoreSampleApp.Models.csproj", "{8EE11C80-50DE-4BF9-952F-9A4608DDE5F4}"
EndProject
Global
	GlobalSection(SolutionProperties) = preSolution
		HideSolutionNode = FALSE
	EndGlobalSection
	GlobalSection(ExtensibilityGlobals) = postSolution
		SolutionGuid = {1F30CDB5-4684-45D1-8E5B-1C9C3EC68C77}
	EndGlobalSection
	GlobalSection(SolutionConfigurationPlatforms) = preSolution
		Debug|Any CPU = Debug|Any CPU
		Debug|x64 = Debug|x64
		Debug|x86 = Debug|x86
		Release|Any CPU = Release|Any CPU
		Release|x64 = Release|x64
		Release|x86 = Release|x86
	EndGlobalSection
	GlobalSection(ProjectConfigurationPlatforms) = postSolution
		{61CD673A-2BA9-469B-A731-57C0572A4F1C}.Debug|Any CPU.ActiveCfg = Debug|Any CPU
		{61CD673A-2BA9-469B-A731-57C0572A4F1C}.Debug|Any CPU.Build.0 = Debug|Any CPU
		{61CD673A-2BA9-469B-A731-57C0572A4F1C}.Debug|x64.ActiveCfg = Debug|Any CPU
		{61CD673A-2BA9-469B-A731-57C0572A4F1C}.Debug|x64.Build.0 = Debug|Any CPU
		{61CD673A-2BA9-469B-A731-57C0572A4F1C}.Debug|x86.ActiveCfg = Debug|Any CPU
		{61CD673A-2BA9-469B-A731-57C0572A4F1C}.Debug|x86.Build.0 = Debug|Any CPU
		{61CD673A-2BA9-469B-A731-57C0572A4F1C}.Release|Any CPU.ActiveCfg = Release|Any CPU
		{61CD673A-2BA9-469B-A731-57C0572A4F1C}.Release|Any CPU.Build.0 = Release|Any CPU
		{61CD673A-2BA9-469B-A731-57C0572A4F1C}.Release|x64.ActiveCfg = Release|Any CPU
		{61CD673A-2BA9-469B-A731-57C0572A4F1C}.Release|x64.Build.0 = Release|Any CPU
		{61CD673A-2BA9-469B-A731-57C0572A4F1C}.Release|x86.ActiveCfg = Release|Any CPU
		{61CD673A-2BA9-469B-A731-57C0572A4F1C}.Release|x86.Build.0 = Release|Any CPU
		{5B162636-F513-4C29-B8DB-966DF6EC0785}.Debug|Any CPU.ActiveCfg = Debug|Any CPU
		{5B162636-F513-4C29-B8DB-966DF6EC0785}.Debug|Any CPU.Build.0 = Debug|Any CPU
		{5B162636-F513-4C29-B8DB-966DF6EC0785}.Debug|x64.ActiveCfg = Debug|Any CPU
		{5B162636-F513-4C29-B8DB-966DF6EC0785}.Debug|x64.Build.0 = Debug|Any CPU
		{5B162636-F513-4C29-B8DB-966DF6EC0785}.Debug|x86.ActiveCfg = Debug|Any CPU
		{5B162636-F513-4C29-B8DB-966DF6EC0785}.Debug|x86.Build.0 = Debug|Any CPU
		{5B162636-F513-4C29-B8DB-966DF6EC0785}.Release|Any CPU.ActiveCfg = Release|Any CPU
		{5B162636-F513-4C29-B8DB-966DF6EC0785}.Release|Any CPU.Build.0 = Release|Any CPU
		{5B162636-F513-4C29-B8DB-966DF6EC0785}.Release|x64.ActiveCfg = Release|Any CPU
		{5B162636-F513-4C29-B8DB-966DF6EC0785}.Release|x64.Build.0 = Release|Any CPU
		{5B162636-F513-4C29-B8DB-966DF6EC0785}.Release|x86.ActiveCfg = Release|Any CPU
		{5B162636-F513-4C29-B8DB-966DF6EC0785}.Release|x86.Build.0 = Release|Any CPU
		{39BF9E1D-BE88-4678-BF4A-1AB8E70E1F7C}.Debug|Any CPU.ActiveCfg = Debug|Any CPU
		{39BF9E1D-BE88-4678-BF4A-1AB8E70E1F7C}.Debug|Any CPU.Build.0 = Debug|Any CPU
		{39BF9E1D-BE88-4678-BF4A-1AB8E70E1F7C}.Debug|x64.ActiveCfg = Debug|Any CPU
		{39BF9E1D-BE88-4678-BF4A-1AB8E70E1F7C}.Debug|x64.Build.0 = Debug|Any CPU
		{39BF9E1D-BE88-4678-BF4A-1AB8E70E1F7C}.Debug|x86.ActiveCfg = Debug|Any CPU
		{39BF9E1D-BE88-4678-BF4A-1AB8E70E1F7C}.Debug|x86.Build.0 = Debug|Any CPU
		{39BF9E1D-BE88-4678-BF4A-1AB8E70E1F7C}.Release|Any CPU.ActiveCfg = Release|Any CPU
		{39BF9E1D-BE88-4678-BF4A-1AB8E70E1F7C}.Release|Any CPU.Build.0 = Release|Any CPU
		{39BF9E1D-BE88-4678-BF4A-1AB8E70E1F7C}.Release|x64.ActiveCfg = Release|Any CPU
		{39BF9E1D-BE88-4678-BF4A-1AB8E70E1F7C}.Release|x64.Build.0 = Release|Any CPU
		{39BF9E1D-BE88-4678-BF4A-1AB8E70E1F7C}.Release|x86.ActiveCfg = Release|Any CPU
		{39BF9E1D-BE88-4678-BF4A-1AB8E70E1F7C}.Release|x86.Build.0 = Release|Any CPU
		{45070967-F8E6-4B62-92A5-85DE0B42D356}.Debug|Any CPU.ActiveCfg = Debug|Any CPU
		{45070967-F8E6-4B62-92A5-85DE0B42D356}.Debug|Any CPU.Build.0 = Debug|Any CPU
		{45070967-F8E6-4B62-92A5-85DE0B42D356}.Debug|x64.ActiveCfg = Debug|Any CPU
		{45070967-F8E6-4B62-92A5-85DE0B42D356}.Debug|x64.Build.0 = Debug|Any CPU
		{45070967-F8E6-4B62-92A5-85DE0B42D356}.Debug|x86.ActiveCfg = Debug|Any CPU
		{45070967-F8E6-4B62-92A5-85DE0B42D356}.Debug|x86.Build.0 = Debug|Any CPU
		{45070967-F8E6-4B62-92A5-85DE0B42D356}.Release|Any CPU.ActiveCfg = Release|Any CPU
		{45070967-F8E6-4B62-92A5-85DE0B42D356}.Release|Any CPU.Build.0 = Release|Any CPU
		{45070967-F8E6-4B62-92A5-85DE0B42D356}.Release|x64.ActiveCfg = Release|Any CPU
		{45070967-F8E6-4B62-92A5-85DE0B42D356}.Release|x64.Build.0 = Release|Any CPU
		{45070967-F8E6-4B62-92A5-85DE0B42D356}.Release|x86.ActiveCfg = Release|Any CPU
		{45070967-F8E6-4B62-92A5-85DE0B42D356}.Release|x86.Build.0 = Release|Any CPU
		{61FE9534-5300-493E-9027-5D00D2B2E1AA}.Debug|Any CPU.ActiveCfg = Debug|Any CPU
		{61FE9534-5300-493E-9027-5D00D2B2E1AA}.Debug|Any CPU.Build.0 = Debug|Any CPU
		{61FE9534-5300-493E-9027-5D00D2B2E1AA}.Debug|x64.ActiveCfg = Debug|Any CPU
		{61FE9534-5300-493E-9027-5D00D2B2E1AA}.Debug|x64.Build.0 = Debug|Any CPU
		{61FE9534-5300-493E-9027-5D00D2B2E1AA}.Debug|x86.ActiveCfg = Debug|Any CPU
		{61FE9534-5300-493E-9027-5D00D2B2E1AA}.Debug|x86.Build.0 = Debug|Any CPU
		{61FE9534-5300-493E-9027-5D00D2B2E1AA}.Release|Any CPU.ActiveCfg = Release|Any CPU
		{61FE9534-5300-493E-9027-5D00D2B2E1AA}.Release|Any CPU.Build.0 = Release|Any CPU
		{61FE9534-5300-493E-9027-5D00D2B2E1AA}.Release|x64.ActiveCfg = Release|Any CPU
		{61FE9534-5300-493E-9027-5D00D2B2E1AA}.Release|x64.Build.0 = Release|Any CPU
		{61FE9534-5300-493E-9027-5D00D2B2E1AA}.Release|x86.ActiveCfg = Release|Any CPU
		{61FE9534-5300-493E-9027-5D00D2B2E1AA}.Release|x86.Build.0 = Release|Any CPU
		{8EE11C80-50DE-4BF9-952F-9A4608DDE5F4}.Debug|Any CPU.ActiveCfg = Debug|Any CPU
		{8EE11C80-50DE-4BF9-952F-9A4608DDE5F4}.Debug|Any CPU.Build.0 = Debug|Any CPU
		{8EE11C80-50DE-4BF9-952F-9A4608DDE5F4}.Debug|x64.ActiveCfg = Debug|Any CPU
		{8EE11C80-50DE-4BF9-952F-9A4608DDE5F4}.Debug|x64.Build.0 = Debug|Any CPU
		{8EE11C80-50DE-4BF9-952F-9A4608DDE5F4}.Debug|x86.ActiveCfg = Debug|Any CPU
		{8EE11C80-50DE-4BF9-952F-9A4608DDE5F4}.Debug|x86.Build.0 = Debug|Any CPU
		{8EE11C80-50DE-4BF9-952F-9A4608DDE5F4}.Release|Any CPU.ActiveCfg = Release|Any CPU
		{8EE11C80-50DE-4BF9-952F-9A4608DDE5F4}.Release|Any CPU.Build.0 = Release|Any CPU
		{8EE11C80-50DE-4BF9-952F-9A4608DDE5F4}.Release|x64.ActiveCfg = Release|Any CPU
		{8EE11C80-50DE-4BF9-952F-9A4608DDE5F4}.Release|x64.Build.0 = Release|Any CPU
		{8EE11C80-50DE-4BF9-952F-9A4608DDE5F4}.Release|x86.ActiveCfg = Release|Any CPU
		{8EE11C80-50DE-4BF9-952F-9A4608DDE5F4}.Release|x86.Build.0 = Release|Any CPU
	EndGlobalSection
	GlobalSection(NestedProjects) = preSolution
		{61CD673A-2BA9-469B-A731-57C0572A4F1C} = {26E8313B-D5D3-4981-8FB6-4037FC727C4C}
		{5B162636-F513-4C29-B8DB-966DF6EC0785} = {422B1A0A-2A8E-4011-9994-3E5FCEAC978E}
		{39BF9E1D-BE88-4678-BF4A-1AB8E70E1F7C} = {6C5C97AE-4CAC-4ED1-829E-5C4E839321F8}
		{45070967-F8E6-4B62-92A5-85DE0B42D356} = {6C5C97AE-4CAC-4ED1-829E-5C4E839321F8}
		{61FE9534-5300-493E-9027-5D00D2B2E1AA} = {6C5C97AE-4CAC-4ED1-829E-5C4E839321F8}
		{8EE11C80-50DE-4BF9-952F-9A4608DDE5F4} = {F0124592-AFA1-401D-B66B-B52156047FE0}
	EndGlobalSection
EndGlobal
